{
  "version": 4,
  "terraform_version": "1.12.2",
  "serial": 27,
  "lineage": "1a66d7f8-0e6c-473a-41f7-edc379eb98d5",
  "outputs": {},
  "resources": [
    {
      "mode": "data",
      "type": "openstack_identity_role_v3",
      "name": "reader",
      "provider": "provider[\"registry.terraform.io/terraform-provider-openstack/openstack\"]",
      "instances": [
        {
          "schema_version": 0,
          "attributes": {
            "domain_id": "",
            "id": "851d6b7afdc84c9bb68b0361ffee845d",
            "name": "reader",
            "region": "RegionOne"
          },
          "sensitive_attributes": [],
          "identity_schema_version": 0
        }
      ]
    },
    {
      "mode": "managed",
      "type": "openstack_compute_instance_v2",
      "name": "ipi-vm",
      "provider": "provider[\"registry.terraform.io/terraform-provider-openstack/openstack\"]",
      "instances": [
        {
          "status": "tainted",
          "schema_version": 0,
          "attributes": {
            "access_ip_v4": null,
            "access_ip_v6": null,
            "admin_pass": null,
            "all_metadata": null,
            "all_tags": [],
            "availability_zone": null,
            "availability_zone_hints": null,
            "block_device": [],
            "config_drive": null,
            "created": null,
            "flavor_id": "c1",
            "flavor_name": null,
            "floating_ip": null,
            "force_delete": false,
            "id": "47b988a1-e983-4fda-823f-e09c2be454a7",
            "image_id": "57a7fb99-9c31-4135-ba4d-7f6e966dba9c",
            "image_name": null,
            "key_pair": null,
            "metadata": {
              "this": "that"
            },
            "name": "vm-ipi",
            "network": [
              {
                "access_network": false,
                "fixed_ip_v4": "",
                "fixed_ip_v6": "",
                "floating_ip": "",
                "mac": "",
                "name": "",
                "port": "256a69e1-3758-4e30-801e-394773793dd2",
                "uuid": ""
              }
            ],
            "network_mode": null,
            "personality": [],
            "power_state": "active",
            "region": null,
            "scheduler_hints": [],
            "security_groups": [
              "default"
            ],
            "stop_before_destroy": false,
            "tags": null,
            "timeouts": null,
            "updated": null,
            "user_data": null,
            "vendor_options": [],
            "volume": []
          },
          "sensitive_attributes": [
            [
              {
                "type": "get_attr",
                "value": "admin_pass"
              }
            ]
          ],
          "identity_schema_version": 0,
          "private": "eyJlMmJmYjczMC1lY2FhLTExZTYtOGY4OC0zNDM2M2JjN2M0YzAiOnsiY3JlYXRlIjoxODAwMDAwMDAwMDAwLCJkZWxldGUiOjE4MDAwMDAwMDAwMDAsInVwZGF0ZSI6MTgwMDAwMDAwMDAwMH19",
          "dependencies": [
            "openstack_identity_project_v3.ipi",
            "openstack_networking_network_v2.ipi-net",
            "openstack_networking_port_v2.ipi-port",
            "openstack_networking_subnet_v2.ipi-sub"
          ]
        }
      ]
    },
    {
      "mode": "managed",
      "type": "openstack_identity_project_v3",
      "name": "ipi",
      "provider": "provider[\"registry.terraform.io/terraform-provider-openstack/openstack\"]",
      "instances": [
        {
          "schema_version": 0,
          "attributes": {
            "description": "Demo Terraform",
            "domain_id": "default",
            "enabled": true,
            "id": "5cb7a3291db248a1964ddb4c7595f378",
            "is_domain": false,
            "name": "terraform",
            "parent_id": "default",
            "region": "RegionOne",
            "tags": []
          },
          "sensitive_attributes": [],
          "identity_schema_version": 0,
          "private": "bnVsbA=="
        }
      ]
    },
    {
      "mode": "managed",
      "type": "openstack_identity_role_assignment_v3",
      "name": "ipi-user-1-as",
      "provider": "provider[\"registry.terraform.io/terraform-provider-openstack/openstack\"]",
      "instances": [
        {
          "schema_version": 0,
          "attributes": {
            "domain_id": "",
            "group_id": "",
            "id": "/5cb7a3291db248a1964ddb4c7595f378//697f34154fad40b6a259cdf23fd05282/851d6b7afdc84c9bb68b0361ffee845d",
            "project_id": "5cb7a3291db248a1964ddb4c7595f378",
            "region": "RegionOne",
            "role_id": "851d6b7afdc84c9bb68b0361ffee845d",
            "user_id": "697f34154fad40b6a259cdf23fd05282"
          },
          "sensitive_attributes": [],
          "identity_schema_version": 0,
          "private": "bnVsbA==",
          "dependencies": [
            "data.openstack_identity_role_v3.reader",
            "openstack_identity_project_v3.ipi",
            "openstack_identity_user_v3.ipi-user-1"
          ]
        }
      ]
    },
    {
      "mode": "managed",
      "type": "openstack_identity_user_v3",
      "name": "ipi-user-1",
      "provider": "provider[\"registry.terraform.io/terraform-provider-openstack/openstack\"]",
      "instances": [
        {
          "schema_version": 0,
          "attributes": {
            "default_project_id": "5cb7a3291db248a1964ddb4c7595f378",
            "description": "A user",
            "domain_id": "default",
            "enabled": true,
            "extra": {
              "email": "ipi@ipi.com"
            },
            "id": "697f34154fad40b6a259cdf23fd05282",
            "ignore_change_password_upon_first_use": true,
            "ignore_lockout_failure_attempts": null,
            "ignore_password_expiry": null,
            "multi_factor_auth_enabled": true,
            "multi_factor_auth_rule": [
              {
                "rule": [
                  "password",
                  "totp"
                ]
              },
              {
                "rule": [
                  "password"
                ]
              }
            ],
            "name": "user-01",
            "password": "password123",
            "region": "RegionOne"
          },
          "sensitive_attributes": [
            [
              {
                "type": "get_attr",
                "value": "password"
              }
            ]
          ],
          "identity_schema_version": 0,
          "private": "bnVsbA==",
          "dependencies": [
            "openstack_identity_project_v3.ipi"
          ]
        }
      ]
    },
    {
      "mode": "managed",
      "type": "openstack_networking_network_v2",
      "name": "ipi-net",
      "provider": "provider[\"registry.terraform.io/terraform-provider-openstack/openstack\"]",
      "instances": [
        {
          "schema_version": 0,
          "attributes": {
            "admin_state_up": true,
            "all_tags": [],
            "availability_zone_hints": [],
            "description": "",
            "dns_domain": "",
            "external": false,
            "id": "f6306ac9-d665-4f2a-b35a-9b6b77270ce6",
            "mtu": 1442,
            "name": "network-ipi",
            "port_security_enabled": true,
            "qos_policy_id": "",
            "region": "RegionOne",
            "segments": [
              {
                "network_type": "geneve",
                "physical_network": "",
                "segmentation_id": 35263
              }
            ],
            "shared": false,
            "tags": [],
            "tenant_id": "5cb7a3291db248a1964ddb4c7595f378",
            "timeouts": null,
            "transparent_vlan": false,
            "value_specs": null
          },
          "sensitive_attributes": [],
          "identity_schema_version": 0,
          "private": "eyJlMmJmYjczMC1lY2FhLTExZTYtOGY4OC0zNDM2M2JjN2M0YzAiOnsiY3JlYXRlIjo2MDAwMDAwMDAwMDAsImRlbGV0ZSI6NjAwMDAwMDAwMDAwfX0=",
          "dependencies": [
            "openstack_identity_project_v3.ipi"
          ]
        }
      ]
    },
    {
      "mode": "managed",
      "type": "openstack_networking_port_v2",
      "name": "ipi-port",
      "provider": "provider[\"registry.terraform.io/terraform-provider-openstack/openstack\"]",
      "instances": [
        {
          "schema_version": 0,
          "attributes": {
            "admin_state_up": true,
            "all_fixed_ips": [
              "10.0.0.34"
            ],
            "all_security_group_ids": [
              "abda7f94-e9b7-4af7-a991-732276574bca"
            ],
            "all_tags": [],
            "allowed_address_pairs": [],
            "binding": [
              {
                "host_id": "",
                "profile": "{}",
                "vif_details": {},
                "vif_type": "unbound",
                "vnic_type": "normal"
              }
            ],
            "description": "",
            "device_id": "",
            "device_owner": "",
            "dns_assignment": [],
            "dns_name": "",
            "extra_dhcp_option": [],
            "fixed_ip": [
              {
                "ip_address": "",
                "subnet_id": "911432ce-51e1-432a-93a1-75a361ad6222"
              }
            ],
            "id": "256a69e1-3758-4e30-801e-394773793dd2",
            "mac_address": "fa:16:3e:3c:a4:76",
            "name": "port-ipi",
            "network_id": "f6306ac9-d665-4f2a-b35a-9b6b77270ce6",
            "no_fixed_ip": null,
            "no_security_groups": null,
            "port_security_enabled": true,
            "qos_policy_id": "",
            "region": "RegionOne",
            "security_group_ids": null,
            "tags": [],
            "tenant_id": "5cb7a3291db248a1964ddb4c7595f378",
            "timeouts": null,
            "value_specs": null
          },
          "sensitive_attributes": [],
          "identity_schema_version": 0,
          "private": "eyJlMmJmYjczMC1lY2FhLTExZTYtOGY4OC0zNDM2M2JjN2M0YzAiOnsiY3JlYXRlIjo2MDAwMDAwMDAwMDAsImRlbGV0ZSI6NjAwMDAwMDAwMDAwfX0=",
          "dependencies": [
            "openstack_identity_project_v3.ipi",
            "openstack_networking_network_v2.ipi-net",
            "openstack_networking_subnet_v2.ipi-sub"
          ]
        }
      ]
    },
    {
      "mode": "managed",
      "type": "openstack_networking_subnet_v2",
      "name": "ipi-sub",
      "provider": "provider[\"registry.terraform.io/terraform-provider-openstack/openstack\"]",
      "instances": [
        {
          "schema_version": 0,
          "attributes": {
            "all_tags": [],
            "allocation_pool": [
              {
                "end": "10.0.0.254",
                "start": "10.0.0.2"
              }
            ],
            "allocation_pools": [
              {
                "end": "10.0.0.254",
                "start": "10.0.0.2"
              }
            ],
            "cidr": "10.0.0.0/24",
            "description": "",
            "dns_nameservers": [],
            "enable_dhcp": true,
            "gateway_ip": "10.0.0.1",
            "host_routes": [],
            "id": "911432ce-51e1-432a-93a1-75a361ad6222",
            "ip_version": 4,
            "ipv6_address_mode": "",
            "ipv6_ra_mode": "",
            "name": "subnet-ipi",
            "network_id": "f6306ac9-d665-4f2a-b35a-9b6b77270ce6",
            "no_gateway": false,
            "prefix_length": null,
            "region": "RegionOne",
            "service_types": [],
            "subnetpool_id": "",
            "tags": [],
            "tenant_id": "3e738e81e4b947e496799a731716a1c3",
            "timeouts": null,
            "value_specs": null
          },
          "sensitive_attributes": [],
          "identity_schema_version": 0,
          "private": "eyJlMmJmYjczMC1lY2FhLTExZTYtOGY4OC0zNDM2M2JjN2M0YzAiOnsiY3JlYXRlIjo2MDAwMDAwMDAwMDAsImRlbGV0ZSI6NjAwMDAwMDAwMDAwfX0=",
          "dependencies": [
            "openstack_identity_project_v3.ipi",
            "openstack_networking_network_v2.ipi-net"
          ]
        }
      ]
    }
  ],
  "check_results": null
}
