{
  "version": 4,
  "terraform_version": "1.12.2",
  "serial": 259,
  "lineage": "1a66d7f8-0e6c-473a-41f7-edc379eb98d5",
  "outputs": {
    "vm": {
      "value": "La vm vm1 à été créé",
      "type": "string"
    },
    "vm2": {
      "value": "La vm vm2 à été créé",
      "type": "string"
    }
  },
  "resources": [
    {
      "mode": "data",
      "type": "openstack_identity_role_v3",
      "name": "admin",
      "provider": "provider[\"registry.terraform.io/terraform-provider-openstack/openstack\"]",
      "instances": [
        {
          "schema_version": 0,
          "attributes": {
            "domain_id": "",
            "id": "36d1a2ed411f44dab26a66df41f0f000",
            "name": "admin",
            "region": "RegionOne"
          },
          "sensitive_attributes": [],
          "identity_schema_version": 0
        }
      ]
    },
    {
      "mode": "data",
      "type": "openstack_identity_role_v3",
      "name": "reader",
      "provider": "provider[\"registry.terraform.io/terraform-provider-openstack/openstack\"]",
      "instances": [
        {
          "schema_version": 0,
          "attributes": {
            "domain_id": "",
            "id": "851d6b7afdc84c9bb68b0361ffee845d",
            "name": "reader",
            "region": "RegionOne"
          },
          "sensitive_attributes": [],
          "identity_schema_version": 0
        }
      ]
    },
    {
      "mode": "data",
      "type": "openstack_identity_user_v3",
      "name": "admin",
      "provider": "provider[\"registry.terraform.io/terraform-provider-openstack/openstack\"]",
      "instances": [
        {
          "schema_version": 0,
          "attributes": {
            "default_project_id": "",
            "description": "",
            "domain_id": "default",
            "enabled": true,
            "id": "5c6dfb35f2764f86a1ddfa83b0fa7cbf",
            "idp_id": null,
            "name": "admin",
            "password_expires_at": "0001-01-01T00:00:00Z",
            "protocol_id": null,
            "region": null,
            "unique_id": null
          },
          "sensitive_attributes": [],
          "identity_schema_version": 0
        }
      ]
    },
    {
      "mode": "managed",
      "type": "openstack_identity_project_v3",
      "name": "ipi",
      "provider": "provider[\"registry.terraform.io/terraform-provider-openstack/openstack\"]",
      "instances": [
        {
          "schema_version": 0,
          "attributes": {
            "description": "Demo Terraform",
            "domain_id": "default",
            "enabled": true,
            "id": "fc75d3b753ba4d8baad3f8b56bdb20e1",
            "is_domain": false,
            "name": "terraform",
            "parent_id": "default",
            "region": "RegionOne",
            "tags": []
          },
          "sensitive_attributes": [],
          "identity_schema_version": 0,
          "private": "bnVsbA=="
        }
      ]
    },
    {
      "mode": "managed",
      "type": "openstack_identity_role_assignment_v3",
      "name": "admin-as",
      "provider": "provider[\"registry.terraform.io/terraform-provider-openstack/openstack\"]",
      "instances": [
        {
          "schema_version": 0,
          "attributes": {
            "domain_id": "",
            "group_id": "",
            "id": "/fc75d3b753ba4d8baad3f8b56bdb20e1//5c6dfb35f2764f86a1ddfa83b0fa7cbf/36d1a2ed411f44dab26a66df41f0f000",
            "project_id": "fc75d3b753ba4d8baad3f8b56bdb20e1",
            "region": "RegionOne",
            "role_id": "36d1a2ed411f44dab26a66df41f0f000",
            "user_id": "5c6dfb35f2764f86a1ddfa83b0fa7cbf"
          },
          "sensitive_attributes": [],
          "identity_schema_version": 0,
          "private": "bnVsbA==",
          "dependencies": [
            "data.openstack_identity_role_v3.admin",
            "data.openstack_identity_user_v3.admin",
            "openstack_identity_project_v3.ipi"
          ]
        }
      ]
    },
    {
      "mode": "managed",
      "type": "openstack_identity_role_assignment_v3",
      "name": "ipi-user-1-as",
      "provider": "provider[\"registry.terraform.io/terraform-provider-openstack/openstack\"]",
      "instances": [
        {
          "schema_version": 0,
          "attributes": {
            "domain_id": "",
            "group_id": "",
            "id": "/fc75d3b753ba4d8baad3f8b56bdb20e1//e6018db61e904495b0ad4055a624dcfd/851d6b7afdc84c9bb68b0361ffee845d",
            "project_id": "fc75d3b753ba4d8baad3f8b56bdb20e1",
            "region": "RegionOne",
            "role_id": "851d6b7afdc84c9bb68b0361ffee845d",
            "user_id": "e6018db61e904495b0ad4055a624dcfd"
          },
          "sensitive_attributes": [],
          "identity_schema_version": 0,
          "private": "bnVsbA==",
          "dependencies": [
            "data.openstack_identity_role_v3.reader",
            "openstack_identity_project_v3.ipi",
            "openstack_identity_user_v3.ipi-user-1"
          ]
        }
      ]
    },
    {
      "mode": "managed",
      "type": "openstack_identity_user_v3",
      "name": "ipi-user-1",
      "provider": "provider[\"registry.terraform.io/terraform-provider-openstack/openstack\"]",
      "instances": [
        {
          "schema_version": 0,
          "attributes": {
            "default_project_id": "fc75d3b753ba4d8baad3f8b56bdb20e1",
            "description": "A user",
            "domain_id": "default",
            "enabled": true,
            "extra": {
              "email": "ipi@ipi.com"
            },
            "id": "e6018db61e904495b0ad4055a624dcfd",
            "ignore_change_password_upon_first_use": true,
            "ignore_lockout_failure_attempts": null,
            "ignore_password_expiry": null,
            "multi_factor_auth_enabled": true,
            "multi_factor_auth_rule": [
              {
                "rule": [
                  "password",
                  "totp"
                ]
              },
              {
                "rule": [
                  "password"
                ]
              }
            ],
            "name": "user-01",
            "password": "password123",
            "region": "RegionOne"
          },
          "sensitive_attributes": [
            [
              {
                "type": "get_attr",
                "value": "password"
              }
            ]
          ],
          "identity_schema_version": 0,
          "private": "bnVsbA==",
          "dependencies": [
            "openstack_identity_project_v3.ipi"
          ]
        }
      ]
    },
    {
      "mode": "managed",
      "type": "openstack_networking_network_v2",
      "name": "ipi-net",
      "provider": "provider[\"registry.terraform.io/terraform-provider-openstack/openstack\"]",
      "instances": [
        {
          "schema_version": 0,
          "attributes": {
            "admin_state_up": true,
            "all_tags": [],
            "availability_zone_hints": [],
            "description": "",
            "dns_domain": "",
            "external": false,
            "id": "164e4ee9-7b87-4fcf-a354-ff73d73b17bf",
            "mtu": 1442,
            "name": "network-ipi",
            "port_security_enabled": true,
            "qos_policy_id": "",
            "region": "RegionOne",
            "segments": [
              {
                "network_type": "geneve",
                "physical_network": "",
                "segmentation_id": 21609
              }
            ],
            "shared": false,
            "tags": [],
            "tenant_id": "fc75d3b753ba4d8baad3f8b56bdb20e1",
            "timeouts": null,
            "transparent_vlan": false,
            "value_specs": null
          },
          "sensitive_attributes": [],
          "identity_schema_version": 0,
          "private": "eyJlMmJmYjczMC1lY2FhLTExZTYtOGY4OC0zNDM2M2JjN2M0YzAiOnsiY3JlYXRlIjo2MDAwMDAwMDAwMDAsImRlbGV0ZSI6NjAwMDAwMDAwMDAwfX0=",
          "dependencies": [
            "openstack_identity_project_v3.ipi"
          ]
        }
      ]
    },
    {
      "mode": "managed",
      "type": "openstack_networking_secgroup_rule_v2",
      "name": "ipi-sec-22",
      "provider": "provider[\"registry.terraform.io/terraform-provider-openstack/openstack\"]",
      "instances": [
        {
          "schema_version": 0,
          "attributes": {
            "description": "",
            "direction": "ingress",
            "ethertype": "IPv4",
            "id": "97884988-4c22-464f-8c28-1aeb7f4a778e",
            "port_range_max": 22,
            "port_range_min": 22,
            "protocol": "tcp",
            "region": "RegionOne",
            "remote_group_id": "",
            "remote_ip_prefix": "0.0.0.0/0",
            "security_group_id": "07667075-0473-4087-aa1e-d766e8e2d18d",
            "tenant_id": "3e738e81e4b947e496799a731716a1c3",
            "timeouts": null
          },
          "sensitive_attributes": [],
          "identity_schema_version": 0,
          "private": "eyJlMmJmYjczMC1lY2FhLTExZTYtOGY4OC0zNDM2M2JjN2M0YzAiOnsiZGVsZXRlIjo2MDAwMDAwMDAwMDB9fQ==",
          "dependencies": [
            "openstack_identity_project_v3.ipi",
            "openstack_networking_secgroup_v2.ipi-sec"
          ]
        }
      ]
    },
    {
      "mode": "managed",
      "type": "openstack_networking_secgroup_rule_v2",
      "name": "ipi-sec-443",
      "provider": "provider[\"registry.terraform.io/terraform-provider-openstack/openstack\"]",
      "instances": [
        {
          "schema_version": 0,
          "attributes": {
            "description": "",
            "direction": "ingress",
            "ethertype": "IPv4",
            "id": "ed3e6104-294e-42cd-993f-a135372d75b4",
            "port_range_max": 443,
            "port_range_min": 443,
            "protocol": "tcp",
            "region": "RegionOne",
            "remote_group_id": "",
            "remote_ip_prefix": "0.0.0.0/0",
            "security_group_id": "07667075-0473-4087-aa1e-d766e8e2d18d",
            "tenant_id": "3e738e81e4b947e496799a731716a1c3",
            "timeouts": null
          },
          "sensitive_attributes": [],
          "identity_schema_version": 0,
          "private": "eyJlMmJmYjczMC1lY2FhLTExZTYtOGY4OC0zNDM2M2JjN2M0YzAiOnsiZGVsZXRlIjo2MDAwMDAwMDAwMDB9fQ==",
          "dependencies": [
            "openstack_identity_project_v3.ipi",
            "openstack_networking_secgroup_v2.ipi-sec"
          ]
        }
      ]
    },
    {
      "mode": "managed",
      "type": "openstack_networking_secgroup_rule_v2",
      "name": "ipi-sec-80",
      "provider": "provider[\"registry.terraform.io/terraform-provider-openstack/openstack\"]",
      "instances": [
        {
          "schema_version": 0,
          "attributes": {
            "description": "",
            "direction": "ingress",
            "ethertype": "IPv4",
            "id": "fd4206db-acfc-478c-b2f9-2ef80322063b",
            "port_range_max": 80,
            "port_range_min": 80,
            "protocol": "tcp",
            "region": "RegionOne",
            "remote_group_id": "",
            "remote_ip_prefix": "0.0.0.0/0",
            "security_group_id": "07667075-0473-4087-aa1e-d766e8e2d18d",
            "tenant_id": "3e738e81e4b947e496799a731716a1c3",
            "timeouts": null
          },
          "sensitive_attributes": [],
          "identity_schema_version": 0,
          "private": "eyJlMmJmYjczMC1lY2FhLTExZTYtOGY4OC0zNDM2M2JjN2M0YzAiOnsiZGVsZXRlIjo2MDAwMDAwMDAwMDB9fQ==",
          "dependencies": [
            "openstack_identity_project_v3.ipi",
            "openstack_networking_secgroup_v2.ipi-sec"
          ]
        }
      ]
    },
    {
      "mode": "managed",
      "type": "openstack_networking_secgroup_v2",
      "name": "ipi-sec",
      "provider": "provider[\"registry.terraform.io/terraform-provider-openstack/openstack\"]",
      "instances": [
        {
          "schema_version": 0,
          "attributes": {
            "all_tags": [],
            "delete_default_rules": null,
            "description": "My neutron security group",
            "id": "07667075-0473-4087-aa1e-d766e8e2d18d",
            "name": "ipi-sec",
            "region": "RegionOne",
            "tags": [],
            "tenant_id": "fc75d3b753ba4d8baad3f8b56bdb20e1",
            "timeouts": null
          },
          "sensitive_attributes": [],
          "identity_schema_version": 0,
          "private": "eyJlMmJmYjczMC1lY2FhLTExZTYtOGY4OC0zNDM2M2JjN2M0YzAiOnsiZGVsZXRlIjo2MDAwMDAwMDAwMDB9fQ==",
          "dependencies": [
            "openstack_identity_project_v3.ipi"
          ]
        }
      ]
    },
    {
      "mode": "managed",
      "type": "openstack_networking_subnet_v2",
      "name": "ipi-sub",
      "provider": "provider[\"registry.terraform.io/terraform-provider-openstack/openstack\"]",
      "instances": [
        {
          "schema_version": 0,
          "attributes": {
            "all_tags": [],
            "allocation_pool": [
              {
                "end": "10.0.0.254",
                "start": "10.0.0.2"
              }
            ],
            "allocation_pools": [
              {
                "end": "10.0.0.254",
                "start": "10.0.0.2"
              }
            ],
            "cidr": "10.0.0.0/24",
            "description": "",
            "dns_nameservers": [],
            "enable_dhcp": true,
            "gateway_ip": "10.0.0.1",
            "host_routes": [],
            "id": "d8f27af0-9a5f-4494-8c65-19c3438e078f",
            "ip_version": 4,
            "ipv6_address_mode": "",
            "ipv6_ra_mode": "",
            "name": "subnet-ipi",
            "network_id": "164e4ee9-7b87-4fcf-a354-ff73d73b17bf",
            "no_gateway": false,
            "prefix_length": null,
            "region": "RegionOne",
            "service_types": [],
            "subnetpool_id": "",
            "tags": [],
            "tenant_id": "3e738e81e4b947e496799a731716a1c3",
            "timeouts": null,
            "value_specs": null
          },
          "sensitive_attributes": [],
          "identity_schema_version": 0,
          "private": "eyJlMmJmYjczMC1lY2FhLTExZTYtOGY4OC0zNDM2M2JjN2M0YzAiOnsiY3JlYXRlIjo2MDAwMDAwMDAwMDAsImRlbGV0ZSI6NjAwMDAwMDAwMDAwfX0=",
          "dependencies": [
            "data.openstack_identity_role_v3.admin",
            "data.openstack_identity_user_v3.admin",
            "openstack_identity_project_v3.ipi",
            "openstack_identity_role_assignment_v3.admin-as",
            "openstack_networking_network_v2.ipi-net"
          ]
        }
      ]
    },
    {
      "module": "module.vm-openstack",
      "mode": "managed",
      "type": "openstack_compute_instance_v2",
      "name": "ipi-vm",
      "provider": "module.vm-openstack.provider[\"registry.terraform.io/terraform-provider-openstack/openstack\"]",
      "instances": [
        {
          "schema_version": 0,
          "attributes": {
            "access_ip_v4": "10.0.0.210",
            "access_ip_v6": "",
            "admin_pass": null,
            "all_metadata": {
              "this": "that"
            },
            "all_tags": [],
            "availability_zone": "nova",
            "availability_zone_hints": null,
            "block_device": [],
            "config_drive": null,
            "created": "2025-07-10 12:56:59 +0000 UTC",
            "flavor_id": "c1",
            "flavor_name": "cirros256",
            "floating_ip": null,
            "force_delete": false,
            "id": "0f882b20-e30e-4b56-8e81-238b6a8844e3",
            "image_id": "57a7fb99-9c31-4135-ba4d-7f6e966dba9c",
            "image_name": "cirros-0.6.3-x86_64-disk",
            "key_pair": "",
            "metadata": {
              "this": "that"
            },
            "name": "vm1",
            "network": [
              {
                "access_network": false,
                "fixed_ip_v4": "10.0.0.210",
                "fixed_ip_v6": "",
                "floating_ip": "",
                "mac": "fa:16:3e:d8:66:a3",
                "name": "network-ipi",
                "port": "7dcb873d-f0fe-4e88-8e9e-3f2b0919b4f2",
                "uuid": "164e4ee9-7b87-4fcf-a354-ff73d73b17bf"
              }
            ],
            "network_mode": null,
            "personality": [],
            "power_state": "active",
            "region": "RegionOne",
            "scheduler_hints": [],
            "security_groups": [
              "default",
              "ipi-sec"
            ],
            "stop_before_destroy": false,
            "tags": [],
            "timeouts": null,
            "updated": "2025-07-10 12:57:10 +0000 UTC",
            "user_data": null,
            "vendor_options": [],
            "volume": []
          },
          "sensitive_attributes": [
            [
              {
                "type": "get_attr",
                "value": "admin_pass"
              }
            ]
          ],
          "identity_schema_version": 0,
          "private": "eyJlMmJmYjczMC1lY2FhLTExZTYtOGY4OC0zNDM2M2JjN2M0YzAiOnsiY3JlYXRlIjoxODAwMDAwMDAwMDAwLCJkZWxldGUiOjE4MDAwMDAwMDAwMDAsInVwZGF0ZSI6MTgwMDAwMDAwMDAwMH19",
          "dependencies": [
            "data.openstack_identity_role_v3.admin",
            "data.openstack_identity_user_v3.admin",
            "module.vm-openstack.openstack_networking_port_v2.ipi-port",
            "openstack_identity_project_v3.ipi",
            "openstack_identity_role_assignment_v3.admin-as",
            "openstack_networking_network_v2.ipi-net",
            "openstack_networking_secgroup_v2.ipi-sec",
            "openstack_networking_subnet_v2.ipi-sub"
          ]
        }
      ]
    },
    {
      "module": "module.vm-openstack",
      "mode": "managed",
      "type": "openstack_networking_port_v2",
      "name": "ipi-port",
      "provider": "module.vm-openstack.provider[\"registry.terraform.io/terraform-provider-openstack/openstack\"]",
      "instances": [
        {
          "schema_version": 0,
          "attributes": {
            "admin_state_up": true,
            "all_fixed_ips": [
              "10.0.0.210"
            ],
            "all_security_group_ids": [
              "07667075-0473-4087-aa1e-d766e8e2d18d",
              "b01e3bc6-b916-4c3f-b8b3-b9570daff0c9"
            ],
            "all_tags": [],
            "allowed_address_pairs": [],
            "binding": [
              {
                "host_id": "devstack",
                "profile": "{}",
                "vif_details": {
                  "bound_drivers": "{\"0\":\"ovn\"}",
                  "bridge_name": "br-int",
                  "connectivity": "l2",
                  "datapath_type": "system",
                  "port_filter": "true"
                },
                "vif_type": "ovs",
                "vnic_type": "normal"
              }
            ],
            "description": "",
            "device_id": "0f882b20-e30e-4b56-8e81-238b6a8844e3",
            "device_owner": "compute:nova",
            "dns_assignment": [],
            "dns_name": "",
            "extra_dhcp_option": [],
            "fixed_ip": [
              {
                "ip_address": "",
                "subnet_id": "d8f27af0-9a5f-4494-8c65-19c3438e078f"
              }
            ],
            "id": "7dcb873d-f0fe-4e88-8e9e-3f2b0919b4f2",
            "mac_address": "fa:16:3e:d8:66:a3",
            "name": "port-ipi-vm1",
            "network_id": "164e4ee9-7b87-4fcf-a354-ff73d73b17bf",
            "no_fixed_ip": null,
            "no_security_groups": null,
            "port_security_enabled": true,
            "qos_policy_id": "",
            "region": "RegionOne",
            "security_group_ids": null,
            "tags": [],
            "tenant_id": "fc75d3b753ba4d8baad3f8b56bdb20e1",
            "timeouts": null,
            "value_specs": null
          },
          "sensitive_attributes": [],
          "identity_schema_version": 0,
          "private": "eyJlMmJmYjczMC1lY2FhLTExZTYtOGY4OC0zNDM2M2JjN2M0YzAiOnsiY3JlYXRlIjo2MDAwMDAwMDAwMDAsImRlbGV0ZSI6NjAwMDAwMDAwMDAwfX0=",
          "dependencies": [
            "data.openstack_identity_role_v3.admin",
            "data.openstack_identity_user_v3.admin",
            "openstack_identity_project_v3.ipi",
            "openstack_identity_role_assignment_v3.admin-as",
            "openstack_networking_network_v2.ipi-net",
            "openstack_networking_subnet_v2.ipi-sub"
          ]
        }
      ]
    },
    {
      "module": "module.vm-openstack2",
      "mode": "managed",
      "type": "openstack_compute_instance_v2",
      "name": "ipi-vm",
      "provider": "module.vm-openstack2.provider[\"registry.terraform.io/terraform-provider-openstack/openstack\"]",
      "instances": [
        {
          "schema_version": 0,
          "attributes": {
            "access_ip_v4": "10.0.0.180",
            "access_ip_v6": "",
            "admin_pass": null,
            "all_metadata": {
              "this": "that"
            },
            "all_tags": [],
            "availability_zone": "nova",
            "availability_zone_hints": null,
            "block_device": [],
            "config_drive": null,
            "created": "2025-07-10 12:56:59 +0000 UTC",
            "flavor_id": "c1",
            "flavor_name": "cirros256",
            "floating_ip": null,
            "force_delete": false,
            "id": "5107dc2a-743e-4450-9ca9-3367f4904a7d",
            "image_id": "57a7fb99-9c31-4135-ba4d-7f6e966dba9c",
            "image_name": "cirros-0.6.3-x86_64-disk",
            "key_pair": "",
            "metadata": {
              "this": "that"
            },
            "name": "vm2",
            "network": [
              {
                "access_network": false,
                "fixed_ip_v4": "10.0.0.180",
                "fixed_ip_v6": "",
                "floating_ip": "",
                "mac": "fa:16:3e:27:08:4b",
                "name": "network-ipi",
                "port": "90603511-5b8f-4150-88cf-1c3509348258",
                "uuid": "164e4ee9-7b87-4fcf-a354-ff73d73b17bf"
              }
            ],
            "network_mode": null,
            "personality": [],
            "power_state": "active",
            "region": "RegionOne",
            "scheduler_hints": [],
            "security_groups": [
              "default",
              "ipi-sec"
            ],
            "stop_before_destroy": false,
            "tags": [],
            "timeouts": null,
            "updated": "2025-07-10 12:57:12 +0000 UTC",
            "user_data": null,
            "vendor_options": [],
            "volume": []
          },
          "sensitive_attributes": [
            [
              {
                "type": "get_attr",
                "value": "admin_pass"
              }
            ]
          ],
          "identity_schema_version": 0,
          "private": "eyJlMmJmYjczMC1lY2FhLTExZTYtOGY4OC0zNDM2M2JjN2M0YzAiOnsiY3JlYXRlIjoxODAwMDAwMDAwMDAwLCJkZWxldGUiOjE4MDAwMDAwMDAwMDAsInVwZGF0ZSI6MTgwMDAwMDAwMDAwMH19",
          "dependencies": [
            "data.openstack_identity_role_v3.admin",
            "data.openstack_identity_user_v3.admin",
            "module.vm-openstack2.openstack_networking_port_v2.ipi-port",
            "openstack_identity_project_v3.ipi",
            "openstack_identity_role_assignment_v3.admin-as",
            "openstack_networking_network_v2.ipi-net",
            "openstack_networking_secgroup_v2.ipi-sec",
            "openstack_networking_subnet_v2.ipi-sub"
          ]
        }
      ]
    },
    {
      "module": "module.vm-openstack2",
      "mode": "managed",
      "type": "openstack_networking_port_v2",
      "name": "ipi-port",
      "provider": "module.vm-openstack2.provider[\"registry.terraform.io/terraform-provider-openstack/openstack\"]",
      "instances": [
        {
          "schema_version": 0,
          "attributes": {
            "admin_state_up": true,
            "all_fixed_ips": [
              "10.0.0.180"
            ],
            "all_security_group_ids": [
              "07667075-0473-4087-aa1e-d766e8e2d18d",
              "b01e3bc6-b916-4c3f-b8b3-b9570daff0c9"
            ],
            "all_tags": [],
            "allowed_address_pairs": [],
            "binding": [
              {
                "host_id": "devstack",
                "profile": "{}",
                "vif_details": {
                  "bound_drivers": "{\"0\":\"ovn\"}",
                  "bridge_name": "br-int",
                  "connectivity": "l2",
                  "datapath_type": "system",
                  "port_filter": "true"
                },
                "vif_type": "ovs",
                "vnic_type": "normal"
              }
            ],
            "description": "",
            "device_id": "5107dc2a-743e-4450-9ca9-3367f4904a7d",
            "device_owner": "compute:nova",
            "dns_assignment": [],
            "dns_name": "",
            "extra_dhcp_option": [],
            "fixed_ip": [
              {
                "ip_address": "",
                "subnet_id": "d8f27af0-9a5f-4494-8c65-19c3438e078f"
              }
            ],
            "id": "90603511-5b8f-4150-88cf-1c3509348258",
            "mac_address": "fa:16:3e:27:08:4b",
            "name": "port-ipi-vm2",
            "network_id": "164e4ee9-7b87-4fcf-a354-ff73d73b17bf",
            "no_fixed_ip": null,
            "no_security_groups": null,
            "port_security_enabled": true,
            "qos_policy_id": "",
            "region": "RegionOne",
            "security_group_ids": null,
            "tags": [],
            "tenant_id": "fc75d3b753ba4d8baad3f8b56bdb20e1",
            "timeouts": null,
            "value_specs": null
          },
          "sensitive_attributes": [],
          "identity_schema_version": 0,
          "private": "eyJlMmJmYjczMC1lY2FhLTExZTYtOGY4OC0zNDM2M2JjN2M0YzAiOnsiY3JlYXRlIjo2MDAwMDAwMDAwMDAsImRlbGV0ZSI6NjAwMDAwMDAwMDAwfX0=",
          "dependencies": [
            "data.openstack_identity_role_v3.admin",
            "data.openstack_identity_user_v3.admin",
            "openstack_identity_project_v3.ipi",
            "openstack_identity_role_assignment_v3.admin-as",
            "openstack_networking_network_v2.ipi-net",
            "openstack_networking_subnet_v2.ipi-sub"
          ]
        }
      ]
    }
  ],
  "check_results": null
}
