{
  "version": 4,
  "terraform_version": "1.12.2",
  "serial": 5,
  "lineage": "87517a5f-3a0f-24b6-41a1-18c7fe985786",
  "outputs": {},
  "resources": [
    {
      "mode": "managed",
      "type": "openstack_identity_project_v3",
      "name": "ipi",
      "provider": "provider[\"registry.terraform.io/terraform-provider-openstack/openstack\"]",
      "instances": [
        {
          "schema_version": 0,
          "attributes": {
            "description": "Demo Terraform",
            "domain_id": "default",
            "enabled": true,
            "id": "b67aa17f40ae48d1b992404372c5a3b5",
            "is_domain": false,
            "name": "terraform",
            "parent_id": "default",
            "region": "RegionOne",
            "tags": []
          },
          "sensitive_attributes": [],
          "identity_schema_version": 0,
          "private": "bnVsbA=="
        }
      ]
    },
    {
      "mode": "managed",
      "type": "openstack_identity_user_v3",
      "name": "ipi-user-1",
      "provider": "provider[\"registry.terraform.io/terraform-provider-openstack/openstack\"]",
      "instances": [
        {
          "schema_version": 0,
          "attributes": {
            "default_project_id": "b67aa17f40ae48d1b992404372c5a3b5",
            "description": "A user",
            "domain_id": "default",
            "enabled": true,
            "extra": {
              "email": "ipi@ipi.com"
            },
            "id": "7f725b22872a41ce83679a0da31d8efb",
            "ignore_change_password_upon_first_use": true,
            "ignore_lockout_failure_attempts": null,
            "ignore_password_expiry": null,
            "multi_factor_auth_enabled": true,
            "multi_factor_auth_rule": [
              {
                "rule": [
                  "password",
                  "totp"
                ]
              },
              {
                "rule": [
                  "password"
                ]
              }
            ],
            "name": "user-01",
            "password": "password123",
            "region": "RegionOne"
          },
          "sensitive_attributes": [
            [
              {
                "type": "get_attr",
                "value": "password"
              }
            ]
          ],
          "identity_schema_version": 0,
          "private": "bnVsbA==",
          "dependencies": [
            "openstack_identity_project_v3.ipi"
          ]
        }
      ]
    }
  ],
  "check_results": null
}
