{
  "version": 4,
  "terraform_version": "1.12.2",
  "serial": 22,
  "lineage": "87517a5f-3a0f-24b6-41a1-18c7fe985786",
  "outputs": {},
  "resources": [
    {
      "mode": "data",
      "type": "openstack_identity_role_v3",
      "name": "reader",
      "provider": "provider[\"registry.terraform.io/terraform-provider-openstack/openstack\"]",
      "instances": [
        {
          "schema_version": 0,
          "attributes": {
            "domain_id": "",
            "id": "851d6b7afdc84c9bb68b0361ffee845d",
            "name": "reader",
            "region": "RegionOne"
          },
          "sensitive_attributes": [],
          "identity_schema_version": 0
        }
      ]
    },
    {
      "mode": "managed",
      "type": "openstack_identity_project_v3",
      "name": "ipi",
      "provider": "provider[\"registry.terraform.io/terraform-provider-openstack/openstack\"]",
      "instances": [
        {
          "schema_version": 0,
          "attributes": {
            "description": "Demo Terraform",
            "domain_id": "default",
            "enabled": true,
            "id": "0716bd17ee7449b1b6e2e967d3a11291",
            "is_domain": false,
            "name": "terraform",
            "parent_id": "default",
            "region": "RegionOne",
            "tags": null
          },
          "sensitive_attributes": [],
          "identity_schema_version": 0,
          "private": "bnVsbA=="
        }
      ]
    },
    {
      "mode": "managed",
      "type": "openstack_identity_role_assignment_v3",
      "name": "ipi-user-1-as",
      "provider": "provider[\"registry.terraform.io/terraform-provider-openstack/openstack\"]",
      "instances": [
        {
          "schema_version": 0,
          "attributes": {
            "domain_id": "",
            "group_id": "",
            "id": "/0716bd17ee7449b1b6e2e967d3a11291//604509cd8df1473f9d994c0375652846/851d6b7afdc84c9bb68b0361ffee845d",
            "project_id": "0716bd17ee7449b1b6e2e967d3a11291",
            "region": "RegionOne",
            "role_id": "851d6b7afdc84c9bb68b0361ffee845d",
            "user_id": "604509cd8df1473f9d994c0375652846"
          },
          "sensitive_attributes": [],
          "identity_schema_version": 0,
          "private": "bnVsbA==",
          "dependencies": [
            "data.openstack_identity_role_v3.reader",
            "openstack_identity_project_v3.ipi",
            "openstack_identity_user_v3.ipi-user-1"
          ]
        }
      ]
    },
    {
      "mode": "managed",
      "type": "openstack_identity_user_v3",
      "name": "ipi-user-1",
      "provider": "provider[\"registry.terraform.io/terraform-provider-openstack/openstack\"]",
      "instances": [
        {
          "schema_version": 0,
          "attributes": {
            "default_project_id": "0716bd17ee7449b1b6e2e967d3a11291",
            "description": "A user",
            "domain_id": "default",
            "enabled": true,
            "extra": {
              "email": "ipi@ipi.com"
            },
            "id": "604509cd8df1473f9d994c0375652846",
            "ignore_change_password_upon_first_use": true,
            "ignore_lockout_failure_attempts": null,
            "ignore_password_expiry": null,
            "multi_factor_auth_enabled": true,
            "multi_factor_auth_rule": [
              {
                "rule": [
                  "password",
                  "totp"
                ]
              },
              {
                "rule": [
                  "password"
                ]
              }
            ],
            "name": "user-01",
            "password": "password123",
            "region": "RegionOne"
          },
          "sensitive_attributes": [
            [
              {
                "type": "get_attr",
                "value": "password"
              }
            ]
          ],
          "identity_schema_version": 0,
          "private": "bnVsbA==",
          "dependencies": [
            "openstack_identity_project_v3.ipi"
          ]
        }
      ]
    },
    {
      "mode": "managed",
      "type": "openstack_networking_network_v2",
      "name": "ipi-net",
      "provider": "provider[\"registry.terraform.io/terraform-provider-openstack/openstack\"]",
      "instances": [
        {
          "schema_version": 0,
          "attributes": {
            "admin_state_up": true,
            "all_tags": [],
            "availability_zone_hints": [],
            "description": "",
            "dns_domain": "",
            "external": false,
            "id": "be835d00-5986-4a47-8d8f-cc5d483cba49",
            "mtu": 1442,
            "name": "network_1",
            "port_security_enabled": true,
            "qos_policy_id": "",
            "region": "RegionOne",
            "segments": [
              {
                "network_type": "geneve",
                "physical_network": "",
                "segmentation_id": 33219
              }
            ],
            "shared": false,
            "tags": null,
            "tenant_id": "0716bd17ee7449b1b6e2e967d3a11291",
            "timeouts": null,
            "transparent_vlan": false,
            "value_specs": null
          },
          "sensitive_attributes": [],
          "identity_schema_version": 0,
          "private": "eyJlMmJmYjczMC1lY2FhLTExZTYtOGY4OC0zNDM2M2JjN2M0YzAiOnsiY3JlYXRlIjo2MDAwMDAwMDAwMDAsImRlbGV0ZSI6NjAwMDAwMDAwMDAwfX0=",
          "dependencies": [
            "openstack_identity_project_v3.ipi"
          ]
        }
      ]
    }
  ],
  "check_results": null
}
